
Microsoft Visual Studio Solution File, Format Version 12.00
# Visual Studio Version 16
VisualStudioVersion = 16.0.33130.400
MinimumVisualStudioVersion = 10.0.40219.1
Project("{FAE04EC0-301F-11D3-BF4B-00C04F79EFBC}") = "CodeFirst", "CodeFirst\CodeFirst.csproj", "{0E4F4DA7-76A7-43C0-BF01-2E952E635BC7}"
EndProject
Global
	GlobalSection(SolutionConfigurationPlatforms) = preSolution
		Debug|Any CPU = Debug|Any CPU
		Release|Any CPU = Release|Any CPU
	EndGlobalSection
	GlobalSection(ProjectConfigurationPlatforms) = postSolution
		{0E4F4DA7-76A7-43C0-BF01-2E952E635BC7}.Debug|Any CPU.ActiveCfg = Debug|Any CPU
		{0E4F4DA7-76A7-43C0-BF01-2E952E635BC7}.Debug|Any CPU.Build.0 = Debug|Any CPU
		{0E4F4DA7-76A7-43C0-BF01-2E952E635BC7}.Release|Any CPU.ActiveCfg = Release|Any CPU
		{0E4F4DA7-76A7-43C0-BF01-2E952E635BC7}.Release|Any CPU.Build.0 = Release|Any CPU
	EndGlobalSection
	GlobalSection(SolutionProperties) = preSolution
		HideSolutionNode = FALSE
	EndGlobalSection
	GlobalSection(ExtensibilityGlobals) = postSolution
		SolutionGuid = {4E726DCD-537F-43F3-97EE-F5438F1F711C}
	EndGlobalSection
EndGlobal
